<Solution>
  <Project Path="CircleSpaceCoordinator.Application/CircleSpaceCoordinator.Application.csproj" />
  <Project Path="CircleSpaceCoordinator.Core/CircleSpaceCoordinator.Core.csproj" />
  <Project Path="CircleSpaceCoordinator.Desktop.Windows/CircleSpaceCoordinator.Desktop.Windows.csproj" />
  <Project Path="CircleSpaceCoordinator.Infrastructure/CircleSpaceCoordinator.Infrastructure.csproj" />
  <Project Path="CircleSpaceCoordinator.OptimizationEngine/CircleSpaceCoordinator.OptimizationEngine.csproj" />
  <Project Path="CircleSpaceCoordinator.StationeryUI/CircleSpaceCoordinator.StationeryUI.csproj" />
  <Folder Name="/tests/">
    <Project Path="tests/CircleSpaceCoordinator.Application.Tests/CircleSpaceCoordinator.Application.Tests.csproj" />
    <Project Path="tests/CircleSpaceCoordinator.Core.Tests/CircleSpaceCoordinator.Core.Tests.csproj" />
    <Project Path="tests/CircleSpaceCoordinator.Desktop.Tests/CircleSpaceCoordinator.Desktop.Tests.csproj" />
    <Project Path="tests/CircleSpaceCoordinator.Infrastructure.Tests/CircleSpaceCoordinator.Infrastructure.Tests.csproj" />
    <Project Path="tests/CircleSpaceCoordinator.StationeryUI.Tests/CircleSpaceCoordinator.StationeryUI.Tests.csproj" />
  </Folder>
  <Folder Name="/tools/">
    <Project Path="tools/CircleSpaceCoordinator.ProjectCli/CircleSpaceCoordinator.ProjectCli.csproj" />
  </Folder>
</Solution>
